
Microsoft Visual Studio Solution File, Format Version 12.00
# Visual Studio Version 16
VisualStudioVersion = 16.0.30011.22
MinimumVisualStudioVersion = 10.0.40219.1
Project("{8BC9CEB8-8B4A-11D0-8D11-00A0C91BC942}") = "数的合并2", "数的合并2.vcxproj", "{CFE85874-1F4D-46B1-8E44-836A18B0194D}"
EndProject
Global
	GlobalSection(SolutionConfigurationPlatforms) = preSolution
		Debug|x64 = Debug|x64
		Debug|x86 = Debug|x86
		Release|x64 = Release|x64
		Release|x86 = Release|x86
	EndGlobalSection
	GlobalSection(ProjectConfigurationPlatforms) = postSolution
		{CFE85874-1F4D-46B1-8E44-836A18B0194D}.Debug|x64.ActiveCfg = Debug|x64
		{CFE85874-1F4D-46B1-8E44-836A18B0194D}.Debug|x64.Build.0 = Debug|x64
		{CFE85874-1F4D-46B1-8E44-836A18B0194D}.Debug|x86.ActiveCfg = Debug|Win32
		{CFE85874-1F4D-46B1-8E44-836A18B0194D}.Debug|x86.Build.0 = Debug|Win32
		{CFE85874-1F4D-46B1-8E44-836A18B0194D}.Release|x64.ActiveCfg = Release|x64
		{CFE85874-1F4D-46B1-8E44-836A18B0194D}.Release|x64.Build.0 = Release|x64
		{CFE85874-1F4D-46B1-8E44-836A18B0194D}.Release|x86.ActiveCfg = Release|Win32
		{CFE85874-1F4D-46B1-8E44-836A18B0194D}.Release|x86.Build.0 = Release|Win32
	EndGlobalSection
	GlobalSection(SolutionProperties) = preSolution
		HideSolutionNode = FALSE
	EndGlobalSection
	GlobalSection(ExtensibilityGlobals) = postSolution
		SolutionGuid = {BA75EA15-58A5-4AE4-97AB-504469509FE8}
	EndGlobalSection
EndGlobal
